<Solution>
  <Folder Name="/Task0/">
    <Project Path="Tyuiu.LopushanskayaMS.Sprint0.Task0.V0/Tyuiu.LopushanskayaMS.Sprint0.Task0.V0.csproj" Id="2df33bf8-97c1-4514-b894-3a94a715ec87" />
  </Folder>
  <Folder Name="/Task1/">
    <Project Path="Tyuiu.LopushanskayaMS.Sprint0.Task1.V0/Tyuiu.LopushanskayaMS.Sprint0.Task1.V0.csproj" Id="fc65c6df-669a-47ff-bef7-ba87345d3244" />
  </Folder>
  <Folder Name="/Task2/">
    <Project Path="Tyuiu.LopushanskayaMS.Sprint0.Task2.V0.Lib/Tyuiu.LopushanskayaMS.Sprint0.Task2.V0.Lib.csproj" Id="52ebdca5-c385-4ce4-92e3-3f2bfbf63bd8" />
    <Project Path="Tyuiu.LopushanskayaMS.Sprint0.Task2.V0.Test/Tyuiu.LopushanskayaMS.Sprint0.Task2.V0.Test.csproj" Id="349436a3-a46c-4701-8446-3172aef33ae1" />
    <Project Path="Tyuiu.LopushanskayaMS.Sprint0.Task2.V0/Tyuiu.LopushanskayaMS.Sprint0.Task2.V0.csproj" Id="a8661a8f-f477-4f88-9b39-e2b80a804470" />
  </Folder>
  <Folder Name="/Task3/">
    <Project Path="Tyuiu.LopushanskayaMS.Sprint0.Task3.V0.Lib/Tyuiu.LopushanskayaMS.Sprint0.Task3.V0.Lib.csproj" Id="c1b1ee12-0818-45e5-a597-0e195432d29f" />
    <Project Path="Tyuiu.LopushanskayaMS.Sprint0.Task3.V0.Test/Tyuiu.LopushanskayaMS.Sprint0.Task3.V0.Test.csproj" Id="a00a4f39-4dd8-46d1-a754-0db965031fef" />
    <Project Path="Tyuiu.LopushanskayaMS.Sprint0.Task3.V0/Tyuiu.LopushanskayaMS.Sprint0.Task3.V0.csproj" Id="7e2c9c15-0731-4c40-b8f3-f6c966bef454" />
  </Folder>
  <Folder Name="/Task4/">
    <Project Path="Tyuiu.LopushanskayaMS.Sprint0.Task4.V0.Lib/Tyuiu.LopushanskayaMS.Sprint0.Task4.V0.Lib.csproj" Id="221c5208-2d66-41ff-bd88-efa0da30d22a" />
    <Project Path="Tyuiu.LopushanskayaMS.Sprint0.Task4.V0.Test/Tyuiu.LopushanskayaMS.Sprint0.Task4.V0.Test.csproj" Id="d1fa2033-cea5-45c7-89cd-0bff03d0d4c0" />
    <Project Path="Tyuiu.LopushanskayaMS.Sprint0.Task4.V0/Tyuiu.LopushanskayaMS.Sprint0.Task4.V0.csproj" Id="61ee35b1-072c-468f-92a0-10f9b1511acf" />
  </Folder>
  <Folder Name="/Task5/">
    <Project Path="Tyuiu.LopushanskayaMS.Sprint0.Task5.V0.Lib/Tyuiu.LopushanskayaMS.Sprint0.Task5.V0.Lib.csproj" Id="a00e3afd-23ff-47c0-a236-1c6c80215260" />
    <Project Path="Tyuiu.LopushanskayaMS.Sprint0.Task5.V0.Test/Tyuiu.LopushanskayaMS.Sprint0.Task5.V0.Test.csproj" Id="1ceab4a0-d2ba-42da-93c8-ec624fa4734c" />
    <Project Path="Tyuiu.LopushanskayaMS.Sprint0.Task5.V0/Tyuiu.LopushanskayaMS.Sprint0.Task5.V0.csproj" Id="01027aaf-04bc-4d23-b289-8fa5a2377a61" />
  </Folder>
  <Folder Name="/Task6/">
    <Project Path="Tyuiu.LopushanskayaMS.Sprint0.Task6.V0.Lib/Tyuiu.LopushanskayaMS.Sprint0.Task6.V0.Lib.csproj" Id="a60b36c9-79ac-488a-a2ba-2a371d78c41a" />
    <Project Path="Tyuiu.LopushanskayaMS.Sprint0.Task6.V0.Test/Tyuiu.LopushanskayaMS.Sprint0.Task6.V0.Test.csproj" Id="676387d7-ad13-45a4-a510-eb821b603b7a" />
    <Project Path="Tyuiu.LopushanskayaMS.Sprint0.Task6.V0/Tyuiu.LopushanskayaMS.Sprint0.Task6.V0.csproj" Id="327ba9e5-5d1e-45c4-aff0-732091c73598" />
  </Folder>
  <Folder Name="/Task7/">
    <Project Path="Tyuiu.LopushanskayaMS.Sprint0.Task7.V0.Lib/Tyuiu.LopushanskayaMS.Sprint0.Task7.V0.Lib.csproj" Id="c5362848-58ca-43d6-a952-bc812e6e7182" />
    <Project Path="Tyuiu.LopushanskayaMS.Sprint0.Task7.V0.Test/Tyuiu.LopushanskayaMS.Sprint0.Task7.V0.Test.csproj" Id="5308ec56-0bd0-4e6f-a36f-0b38ba7ef11c" />
    <Project Path="Tyuiu.LopushanskayaMS.Sprint0.Task7.V0/Tyuiu.LopushanskayaMS.Sprint0.Task7.V0.csproj" Id="7aa4788f-3d6f-4f68-a1b5-f5f40aecdedc" />
  </Folder>
</Solution>
